{
  "name": "rwa",
  "version": "0.0.0",
  "lockfileVersion": 1,
  "requires": true,
  "dependencies": {
    "@angular/animations": {
      "version": "6.1.2",
      "resolved": "https://registry.npmjs.org/@angular/animations/-/animations-6.1.2.tgz",
      "integrity": "sha512-E6eFwoRSKKEGPDsIF5AnecDid3ZoOczG5WUTpOYIGUfKtB1kqiisZCP/090RWN48xU3nDssxwPiN9dJ7a4Hf4w==",
      "requires": {
        "tslib": "1.9.3"
      }
    },
    "@angular/cdk": {
      "version": "6.4.3",
      "resolved": "https://registry.npmjs.org/@angular/cdk/-/cdk-6.4.3.tgz",
      "integrity": "sha512-GRvBp0svHeA0Jg0wlGj1m6xRFbt1M6CuowD2ht/h0qe6NizxLPxxXC0RTOdL4YSvMK7Bkadcggb+el7HLDfwAA==",
      "requires": {
        "tslib": "1.9.3"
      }
    },
    "@angular/material": {
      "version": "6.4.3",
      "resolved": "https://registry.npmjs.org/@angular/material/-/material-6.4.3.tgz",
      "integrity": "sha512-ij4UBC/fUcTs+3P8rBzoNPy/doox2SLOLhjzh6M16c9JGPche3I1EInBfD2uCDVfwfh+NmTrR8inqMKroi4zuA==",
      "requires": {
        "parse5": "5.0.0",
        "tslib": "1.9.3"
      }
    },
    "parse5": {
      "version": "5.0.0",
      "resolved": "https://registry.npmjs.org/parse5/-/parse5-5.0.0.tgz",
      "integrity": "sha512-0ywuiUOnpWWeil5grH2rxjyTJoeQVwyBuO2si6QIU9dWtj2npjuyK1HaY1RbLnVfDhEbhyAPNUBKRK0Xj2xE0w==",
      "optional": true
    },
    "tslib": {
      "version": "1.9.3",
      "resolved": "https://registry.npmjs.org/tslib/-/tslib-1.9.3.tgz",
      "integrity": "sha512-4krF8scpejhaOgqzBEcGM7yDIEfi0/8+8zDRZhNZZ2kjmHJ4hv3zCbQWxoJGz1iw5U0Jl0nma13xzHXcncMavQ=="
    }
  }
}
